
Microsoft Visual Studio Solution File, Format Version 12.00
# Visual Studio Version 16
VisualStudioVersion = 16.0.31402.337
MinimumVisualStudioVersion = 10.0.40219.1
Project("{FAE04EC0-301F-11D3-BF4B-00C04F79EFBC}") = "Loader", "Loader\Loader.csproj", "{28AA20C5-9038-43AF-8D34-AEC1E62FE726}"
EndProject
Global
	GlobalSection(SolutionConfigurationPlatforms) = preSolution
		Debug|Any CPU = Debug|Any CPU
		Release|Any CPU = Release|Any CPU
	EndGlobalSection
	GlobalSection(ProjectConfigurationPlatforms) = postSolution
		{28AA20C5-9038-43AF-8D34-AEC1E62FE726}.Debug|Any CPU.ActiveCfg = Debug|Any CPU
		{28AA20C5-9038-43AF-8D34-AEC1E62FE726}.Debug|Any CPU.Build.0 = Debug|Any CPU
		{28AA20C5-9038-43AF-8D34-AEC1E62FE726}.Release|Any CPU.ActiveCfg = Release|Any CPU
		{28AA20C5-9038-43AF-8D34-AEC1E62FE726}.Release|Any CPU.Build.0 = Release|Any CPU
	EndGlobalSection
	GlobalSection(SolutionProperties) = preSolution
		HideSolutionNode = FALSE
	EndGlobalSection
	GlobalSection(ExtensibilityGlobals) = postSolution
		SolutionGuid = {00C92284-B4D2-460F-B038-B03B3C8F026A}
	EndGlobalSection
EndGlobal
